
Microsoft Visual Studio Solution File, Format Version 12.00
# Visual Studio Version 16
VisualStudioVersion = 16.0.33130.400
MinimumVisualStudioVersion = 10.0.40219.1
Project("{FAE04EC0-301F-11D3-BF4B-00C04F79EFBC}") = "WindowsFormsApp1", "WindowsFormsApp1\WindowsFormsApp1.csproj", "{7EF19E9B-A446-4C7C-9ACD-983878E02225}"
EndProject
Global
	GlobalSection(SolutionConfigurationPlatforms) = preSolution
		Debug|Any CPU = Debug|Any CPU
		Release|Any CPU = Release|Any CPU
	EndGlobalSection
	GlobalSection(ProjectConfigurationPlatforms) = postSolution
		{7EF19E9B-A446-4C7C-9ACD-983878E02225}.Debug|Any CPU.ActiveCfg = Debug|Any CPU
		{7EF19E9B-A446-4C7C-9ACD-983878E02225}.Debug|Any CPU.Build.0 = Debug|Any CPU
		{7EF19E9B-A446-4C7C-9ACD-983878E02225}.Release|Any CPU.ActiveCfg = Release|Any CPU
		{7EF19E9B-A446-4C7C-9ACD-983878E02225}.Release|Any CPU.Build.0 = Release|Any CPU
	EndGlobalSection
	GlobalSection(SolutionProperties) = preSolution
		HideSolutionNode = FALSE
	EndGlobalSection
	GlobalSection(ExtensibilityGlobals) = postSolution
		SolutionGuid = {5B9987B1-F891-4101-BFAD-3DAF82F5F913}
	EndGlobalSection
EndGlobal
