
Microsoft Visual Studio Solution File, Format Version 12.00
# Visual Studio Version 16
VisualStudioVersion = 16.0.33130.400
MinimumVisualStudioVersion = 10.0.40219.1
Project("{FAE04EC0-301F-11D3-BF4B-00C04F79EFBC}") = "Thread_problem2", "Thread_problem2\Thread_problem2.csproj", "{FDA74924-92A2-4343-9109-3CFCED555C0C}"
EndProject
Global
	GlobalSection(SolutionConfigurationPlatforms) = preSolution
		Debug|Any CPU = Debug|Any CPU
		Release|Any CPU = Release|Any CPU
	EndGlobalSection
	GlobalSection(ProjectConfigurationPlatforms) = postSolution
		{FDA74924-92A2-4343-9109-3CFCED555C0C}.Debug|Any CPU.ActiveCfg = Debug|Any CPU
		{FDA74924-92A2-4343-9109-3CFCED555C0C}.Debug|Any CPU.Build.0 = Debug|Any CPU
		{FDA74924-92A2-4343-9109-3CFCED555C0C}.Release|Any CPU.ActiveCfg = Release|Any CPU
		{FDA74924-92A2-4343-9109-3CFCED555C0C}.Release|Any CPU.Build.0 = Release|Any CPU
	EndGlobalSection
	GlobalSection(SolutionProperties) = preSolution
		HideSolutionNode = FALSE
	EndGlobalSection
	GlobalSection(ExtensibilityGlobals) = postSolution
		SolutionGuid = {CDC81606-3677-4E65-9747-E7DBA8BA9501}
	EndGlobalSection
EndGlobal
